
Microsoft Visual Studio Solution File, Format Version 12.00
# Visual Studio 15
VisualStudioVersion = 15.0.27428.2002
MinimumVisualStudioVersion = 10.0.40219.1
Project("{FAE04EC0-301F-11D3-BF4B-00C04F79EFBC}") = "Day6Task3-4", "NET.S.2018.Haiduk.06\Day6Task3-4.csproj", "{5B2B05E1-6820-4126-83C7-07F7879F5DE7}"
EndProject
Project("{FAE04EC0-301F-11D3-BF4B-00C04F79EFBC}") = "Day6Task3-4.Tests", "Day6Task3-4.Tests\Day6Task3-4.Tests.csproj", "{8E87C7DF-324F-4243-A92A-279482FAA886}"
EndProject
Global
	GlobalSection(SolutionConfigurationPlatforms) = preSolution
		Debug|Any CPU = Debug|Any CPU
		Release|Any CPU = Release|Any CPU
	EndGlobalSection
	GlobalSection(ProjectConfigurationPlatforms) = postSolution
		{5B2B05E1-6820-4126-83C7-07F7879F5DE7}.Debug|Any CPU.ActiveCfg = Debug|Any CPU
		{5B2B05E1-6820-4126-83C7-07F7879F5DE7}.Debug|Any CPU.Build.0 = Debug|Any CPU
		{5B2B05E1-6820-4126-83C7-07F7879F5DE7}.Release|Any CPU.ActiveCfg = Release|Any CPU
		{5B2B05E1-6820-4126-83C7-07F7879F5DE7}.Release|Any CPU.Build.0 = Release|Any CPU
		{8E87C7DF-324F-4243-A92A-279482FAA886}.Debug|Any CPU.ActiveCfg = Debug|Any CPU
		{8E87C7DF-324F-4243-A92A-279482FAA886}.Debug|Any CPU.Build.0 = Debug|Any CPU
		{8E87C7DF-324F-4243-A92A-279482FAA886}.Release|Any CPU.ActiveCfg = Release|Any CPU
		{8E87C7DF-324F-4243-A92A-279482FAA886}.Release|Any CPU.Build.0 = Release|Any CPU
	EndGlobalSection
	GlobalSection(SolutionProperties) = preSolution
		HideSolutionNode = FALSE
	EndGlobalSection
	GlobalSection(ExtensibilityGlobals) = postSolution
		SolutionGuid = {49386EDA-74F0-4A7B-92D3-AE323FBDBB69}
	EndGlobalSection
EndGlobal
